
Microsoft Visual Studio Solution File, Format Version 12.00
# Visual Studio 15
VisualStudioVersion = 15.0.28307.572
MinimumVisualStudioVersion = 10.0.40219.1
Project("{FAE04EC0-301F-11D3-BF4B-00C04F79EFBC}") = "MixApp", "MixApp\MixApp.csproj", "{65DDF961-67E5-4673-B577-F509671C0922}"
EndProject
Global
	GlobalSection(SolutionConfigurationPlatforms) = preSolution
		Debug|Any CPU = Debug|Any CPU
		Release|Any CPU = Release|Any CPU
	EndGlobalSection
	GlobalSection(ProjectConfigurationPlatforms) = postSolution
		{65DDF961-67E5-4673-B577-F509671C0922}.Debug|Any CPU.ActiveCfg = Debug|Any CPU
		{65DDF961-67E5-4673-B577-F509671C0922}.Debug|Any CPU.Build.0 = Debug|Any CPU
		{65DDF961-67E5-4673-B577-F509671C0922}.Release|Any CPU.ActiveCfg = Release|Any CPU
		{65DDF961-67E5-4673-B577-F509671C0922}.Release|Any CPU.Build.0 = Release|Any CPU
	EndGlobalSection
	GlobalSection(SolutionProperties) = preSolution
		HideSolutionNode = FALSE
	EndGlobalSection
	GlobalSection(ExtensibilityGlobals) = postSolution
		SolutionGuid = {E8F0FC01-7F84-4288-BE41-534025F729E7}
	EndGlobalSection
EndGlobal
